
Microsoft Visual Studio Solution File, Format Version 12.00
# Visual Studio 15
VisualStudioVersion = 15.0.28307.489
MinimumVisualStudioVersion = 10.0.40219.1
Project("{FAE04EC0-301F-11D3-BF4B-00C04F79EFBC}") = "Lab2", "Lab2\Lab2.csproj", "{A5F3EDB3-ACC5-4FDB-B121-E42C03D99AE3}"
EndProject
Global
	GlobalSection(SolutionConfigurationPlatforms) = preSolution
		Debug|Any CPU = Debug|Any CPU
		Release|Any CPU = Release|Any CPU
	EndGlobalSection
	GlobalSection(ProjectConfigurationPlatforms) = postSolution
		{A5F3EDB3-ACC5-4FDB-B121-E42C03D99AE3}.Debug|Any CPU.ActiveCfg = Debug|Any CPU
		{A5F3EDB3-ACC5-4FDB-B121-E42C03D99AE3}.Debug|Any CPU.Build.0 = Debug|Any CPU
		{A5F3EDB3-ACC5-4FDB-B121-E42C03D99AE3}.Release|Any CPU.ActiveCfg = Release|Any CPU
		{A5F3EDB3-ACC5-4FDB-B121-E42C03D99AE3}.Release|Any CPU.Build.0 = Release|Any CPU
	EndGlobalSection
	GlobalSection(SolutionProperties) = preSolution
		HideSolutionNode = FALSE
	EndGlobalSection
	GlobalSection(ExtensibilityGlobals) = postSolution
		SolutionGuid = {39802993-48E5-4B83-805A-9E49D633ABD0}
	EndGlobalSection
EndGlobal
